
Microsoft Visual Studio Solution File, Format Version 12.00
# Visual Studio 15
VisualStudioVersion = 15.0.28307.960
MinimumVisualStudioVersion = 10.0.40219.1
Project("{FAE04EC0-301F-11D3-BF4B-00C04F79EFBC}") = "INJECT", "INJECT\INJECT.csproj", "{008922F9-A51D-40B6-8BC1-61C0581AC433}"
EndProject
Global
	GlobalSection(SolutionConfigurationPlatforms) = preSolution
		Debug|Any CPU = Debug|Any CPU
		Release|Any CPU = Release|Any CPU
	EndGlobalSection
	GlobalSection(ProjectConfigurationPlatforms) = postSolution
		{008922F9-A51D-40B6-8BC1-61C0581AC433}.Debug|Any CPU.ActiveCfg = Debug|Any CPU
		{008922F9-A51D-40B6-8BC1-61C0581AC433}.Debug|Any CPU.Build.0 = Debug|Any CPU
		{008922F9-A51D-40B6-8BC1-61C0581AC433}.Release|Any CPU.ActiveCfg = Release|Any CPU
		{008922F9-A51D-40B6-8BC1-61C0581AC433}.Release|Any CPU.Build.0 = Release|Any CPU
	EndGlobalSection
	GlobalSection(SolutionProperties) = preSolution
		HideSolutionNode = FALSE
	EndGlobalSection
	GlobalSection(ExtensibilityGlobals) = postSolution
		SolutionGuid = {B1569985-8A91-4F87-956E-33CEE30B2130}
	EndGlobalSection
EndGlobal
